
Microsoft Visual Studio Solution File, Format Version 12.00
# Visual Studio Version 17
VisualStudioVersion = 17.3.32825.248
MinimumVisualStudioVersion = 10.0.40219.1
Project("{FAE04EC0-301F-11D3-BF4B-00C04F79EFBC}") = "eTickets", "eTickets\eTickets.csproj", "{D511A84D-AB1D-4A23-BEC8-6CF542D29554}"
EndProject
Global
	GlobalSection(SolutionConfigurationPlatforms) = preSolution
		Debug|Any CPU = Debug|Any CPU
		Release|Any CPU = Release|Any CPU
	EndGlobalSection
	GlobalSection(ProjectConfigurationPlatforms) = postSolution
		{D511A84D-AB1D-4A23-BEC8-6CF542D29554}.Debug|Any CPU.ActiveCfg = Debug|Any CPU
		{D511A84D-AB1D-4A23-BEC8-6CF542D29554}.Debug|Any CPU.Build.0 = Debug|Any CPU
		{D511A84D-AB1D-4A23-BEC8-6CF542D29554}.Release|Any CPU.ActiveCfg = Release|Any CPU
		{D511A84D-AB1D-4A23-BEC8-6CF542D29554}.Release|Any CPU.Build.0 = Release|Any CPU
	EndGlobalSection
	GlobalSection(SolutionProperties) = preSolution
		HideSolutionNode = FALSE
	EndGlobalSection
	GlobalSection(ExtensibilityGlobals) = postSolution
		SolutionGuid = {471575C5-8CC1-499F-940D-458A9F64A7D8}
	EndGlobalSection
EndGlobal
